# This file is autogenerated, do not edit; changes may be undone by the next 'dep ensure'.


[[projects]]
  branch = "master"
  name = "github.com/BrandonWade/contact"
  packages = ["."]
  revision = "317422b31580d83684af983a240c9d6c3ec9e912"

[[projects]]
  branch = "master"
  name = "github.com/BrandonWade/godash"
  packages = ["."]
  revision = "7bd8f647d258e530274c39368e54e1583889b74d"

[[projects]]
  branch = "master"
  name = "github.com/BrandonWade/synth"
  packages = ["."]
  revision = "5b6a4433353f96c3103273d8d7c34404eedf0196"

[[projects]]
  name = "github.com/gorilla/context"
  packages = ["."]
  revision = "08b5f424b9271eedf6f9f0ce86cb9396ed337a42"
  version = "v1.1.1"

[[projects]]
  name = "github.com/gorilla/mux"
  packages = ["."]
  revision = "e3702bed27f0d39777b0b37b664b6280e8ef8fbf"
  version = "v1.6.2"

[[projects]]
  name = "github.com/gorilla/websocket"
  packages = ["."]
  revision = "ea4d1f681babbce9545c9c5f3d5194a789c89f5b"
  version = "v1.2.0"

[[projects]]
  name = "github.com/joho/godotenv"
  packages = ["."]
  revision = "a79fa1e548e2c689c241d10173efd51e5d689d5b"
  version = "v1.2.0"

[solve-meta]
  analyzer-name = "dep"
  analyzer-version = 1
  inputs-digest = "9daf8aff5d1ea2b79655167ded8cbffbd6e5579ad4fe40de42933a565f362ae8"
  solver-name = "gps-cdcl"
  solver-version = 1
